
Microsoft Visual Studio Solution File, Format Version 12.00
# Visual Studio Version 17
VisualStudioVersion = 17.4.33205.214
MinimumVisualStudioVersion = 10.0.40219.1
Project("{2150E333-8FDC-42A3-9474-1A3956D46DE8}") = "Services", "Services", "{2F87A0A3-C1F0-4746-B00C-100C3B4C7F25}"
EndProject
Project("{2150E333-8FDC-42A3-9474-1A3956D46DE8}") = "Catalog", "Catalog", "{F9747164-6C2F-4C03-A2E7-D0D40E3F04AB}"
EndProject
Project("{2150E333-8FDC-42A3-9474-1A3956D46DE8}") = "Checkout", "Checkout", "{0FFBAA44-CA5B-4448-BCF9-BED05239E129}"
EndProject
Project("{2150E333-8FDC-42A3-9474-1A3956D46DE8}") = "BuildingBlocks", "BuildingBlocks", "{4A428F23-E25F-4C3B-96AC-ACDF4CA17288}"
EndProject
Project("{2150E333-8FDC-42A3-9474-1A3956D46DE8}") = "Order", "Order", "{5C86EFFD-CDAD-4F66-A381-EB2481FF2709}"
EndProject
Project("{9A19103F-16F7-4668-BE54-9A1E7A4F7556}") = "Ordering.Application", "src\Services\Order\Ordering.Application\Ordering.Application.csproj", "{1BD512B1-9717-4A35-B821-A964207D1F14}"
EndProject
Project("{9A19103F-16F7-4668-BE54-9A1E7A4F7556}") = "Ordering.Domain", "src\Services\Order\Ordering.Domain\Ordering.Domain.csproj", "{815D49CA-1415-4540-AA94-E81A8C1A5CD9}"
EndProject
Project("{9A19103F-16F7-4668-BE54-9A1E7A4F7556}") = "Ordering.API", "src\Services\Order\Ordering.API\Ordering.API.csproj", "{DB65FB71-561D-457E-BE05-07388A0B9E21}"
EndProject
Project("{9A19103F-16F7-4668-BE54-9A1E7A4F7556}") = "Checkout.API", "src\Services\Checkout\Checkout.API\Checkout.API.csproj", "{E846B583-5079-481E-8FE6-5E52069B2D02}"
EndProject
Project("{9A19103F-16F7-4668-BE54-9A1E7A4F7556}") = "Ordering.Infrastructure", "src\Services\Order\Ordering.Infrastructure\Ordering.Infrastructure.csproj", "{84172A84-50C0-4959-BC9C-CD95B1C7DB43}"
EndProject
Project("{2150E333-8FDC-42A3-9474-1A3956D46DE8}") = "Identity", "Identity", "{5BD95DA3-EF40-4104-8F77-1DEE7FB56EC3}"
EndProject
Project("{9A19103F-16F7-4668-BE54-9A1E7A4F7556}") = "Identity.API", "src\Services\Identity\Identity.API\Identity.API.csproj", "{D980A8AA-4F55-4D9C-9DDA-08FE1FE90701}"
EndProject
Project("{2150E333-8FDC-42A3-9474-1A3956D46DE8}") = "ApiGateways", "ApiGateways", "{4239D19A-5841-4620-B3E1-F1FB7D0A9668}"
EndProject
Project("{2150E333-8FDC-42A3-9474-1A3956D46DE8}") = "OcelotApiGateway", "OcelotApiGateway", "{8F6E285F-B6DE-49C2-B96C-C8C2E38EB423}"
EndProject
Project("{9A19103F-16F7-4668-BE54-9A1E7A4F7556}") = "OcelotApiGateway", "src\ApiGateways\OcelotApiGw\OcelotApiGateway\OcelotApiGateway.csproj", "{31CDA1A1-0372-4B7B-97EA-79F9E35EC5D5}"
EndProject
Project("{9A19103F-16F7-4668-BE54-9A1E7A4F7556}") = "Eventbus.Messages", "src\BuildingBlocks\Eventbus.Messages\Eventbus.Messages.csproj", "{D708AED1-2857-42FD-9C28-47C74C146A34}"
EndProject
Project("{9A19103F-16F7-4668-BE54-9A1E7A4F7556}") = "Catalog.API", "src\Services\Catalog\Catalog.API\Catalog.API.csproj", "{42A46DFA-9139-4E4E-BB69-407A3B06B6D3}"
EndProject
Project("{E53339B2-1760-4266-BCC7-CA923CBCF16C}") = "docker-compose", "docker-compose.dcproj", "{46B8B8CE-5469-47EF-8460-3094366B30EF}"
EndProject
Global
	GlobalSection(SolutionConfigurationPlatforms) = preSolution
		Debug|Any CPU = Debug|Any CPU
		Release|Any CPU = Release|Any CPU
	EndGlobalSection
	GlobalSection(ProjectConfigurationPlatforms) = postSolution
		{1BD512B1-9717-4A35-B821-A964207D1F14}.Debug|Any CPU.ActiveCfg = Debug|Any CPU
		{1BD512B1-9717-4A35-B821-A964207D1F14}.Debug|Any CPU.Build.0 = Debug|Any CPU
		{1BD512B1-9717-4A35-B821-A964207D1F14}.Release|Any CPU.ActiveCfg = Release|Any CPU
		{1BD512B1-9717-4A35-B821-A964207D1F14}.Release|Any CPU.Build.0 = Release|Any CPU
		{815D49CA-1415-4540-AA94-E81A8C1A5CD9}.Debug|Any CPU.ActiveCfg = Debug|Any CPU
		{815D49CA-1415-4540-AA94-E81A8C1A5CD9}.Debug|Any CPU.Build.0 = Debug|Any CPU
		{815D49CA-1415-4540-AA94-E81A8C1A5CD9}.Release|Any CPU.ActiveCfg = Release|Any CPU
		{815D49CA-1415-4540-AA94-E81A8C1A5CD9}.Release|Any CPU.Build.0 = Release|Any CPU
		{DB65FB71-561D-457E-BE05-07388A0B9E21}.Debug|Any CPU.ActiveCfg = Debug|Any CPU
		{DB65FB71-561D-457E-BE05-07388A0B9E21}.Debug|Any CPU.Build.0 = Debug|Any CPU
		{DB65FB71-561D-457E-BE05-07388A0B9E21}.Release|Any CPU.ActiveCfg = Release|Any CPU
		{DB65FB71-561D-457E-BE05-07388A0B9E21}.Release|Any CPU.Build.0 = Release|Any CPU
		{E846B583-5079-481E-8FE6-5E52069B2D02}.Debug|Any CPU.ActiveCfg = Debug|Any CPU
		{E846B583-5079-481E-8FE6-5E52069B2D02}.Debug|Any CPU.Build.0 = Debug|Any CPU
		{E846B583-5079-481E-8FE6-5E52069B2D02}.Release|Any CPU.ActiveCfg = Release|Any CPU
		{E846B583-5079-481E-8FE6-5E52069B2D02}.Release|Any CPU.Build.0 = Release|Any CPU
		{84172A84-50C0-4959-BC9C-CD95B1C7DB43}.Debug|Any CPU.ActiveCfg = Debug|Any CPU
		{84172A84-50C0-4959-BC9C-CD95B1C7DB43}.Debug|Any CPU.Build.0 = Debug|Any CPU
		{84172A84-50C0-4959-BC9C-CD95B1C7DB43}.Release|Any CPU.ActiveCfg = Release|Any CPU
		{84172A84-50C0-4959-BC9C-CD95B1C7DB43}.Release|Any CPU.Build.0 = Release|Any CPU
		{D980A8AA-4F55-4D9C-9DDA-08FE1FE90701}.Debug|Any CPU.ActiveCfg = Debug|Any CPU
		{D980A8AA-4F55-4D9C-9DDA-08FE1FE90701}.Debug|Any CPU.Build.0 = Debug|Any CPU
		{D980A8AA-4F55-4D9C-9DDA-08FE1FE90701}.Release|Any CPU.ActiveCfg = Release|Any CPU
		{D980A8AA-4F55-4D9C-9DDA-08FE1FE90701}.Release|Any CPU.Build.0 = Release|Any CPU
		{31CDA1A1-0372-4B7B-97EA-79F9E35EC5D5}.Debug|Any CPU.ActiveCfg = Debug|Any CPU
		{31CDA1A1-0372-4B7B-97EA-79F9E35EC5D5}.Debug|Any CPU.Build.0 = Debug|Any CPU
		{31CDA1A1-0372-4B7B-97EA-79F9E35EC5D5}.Release|Any CPU.ActiveCfg = Release|Any CPU
		{31CDA1A1-0372-4B7B-97EA-79F9E35EC5D5}.Release|Any CPU.Build.0 = Release|Any CPU
		{D708AED1-2857-42FD-9C28-47C74C146A34}.Debug|Any CPU.ActiveCfg = Debug|Any CPU
		{D708AED1-2857-42FD-9C28-47C74C146A34}.Debug|Any CPU.Build.0 = Debug|Any CPU
		{D708AED1-2857-42FD-9C28-47C74C146A34}.Release|Any CPU.ActiveCfg = Release|Any CPU
		{D708AED1-2857-42FD-9C28-47C74C146A34}.Release|Any CPU.Build.0 = Release|Any CPU
		{42A46DFA-9139-4E4E-BB69-407A3B06B6D3}.Debug|Any CPU.ActiveCfg = Debug|Any CPU
		{42A46DFA-9139-4E4E-BB69-407A3B06B6D3}.Debug|Any CPU.Build.0 = Debug|Any CPU
		{42A46DFA-9139-4E4E-BB69-407A3B06B6D3}.Release|Any CPU.ActiveCfg = Release|Any CPU
		{42A46DFA-9139-4E4E-BB69-407A3B06B6D3}.Release|Any CPU.Build.0 = Release|Any CPU
		{46B8B8CE-5469-47EF-8460-3094366B30EF}.Debug|Any CPU.ActiveCfg = Debug|Any CPU
		{46B8B8CE-5469-47EF-8460-3094366B30EF}.Debug|Any CPU.Build.0 = Debug|Any CPU
		{46B8B8CE-5469-47EF-8460-3094366B30EF}.Release|Any CPU.ActiveCfg = Release|Any CPU
		{46B8B8CE-5469-47EF-8460-3094366B30EF}.Release|Any CPU.Build.0 = Release|Any CPU
	EndGlobalSection
	GlobalSection(SolutionProperties) = preSolution
		HideSolutionNode = FALSE
	EndGlobalSection
	GlobalSection(NestedProjects) = preSolution
		{F9747164-6C2F-4C03-A2E7-D0D40E3F04AB} = {2F87A0A3-C1F0-4746-B00C-100C3B4C7F25}
		{0FFBAA44-CA5B-4448-BCF9-BED05239E129} = {2F87A0A3-C1F0-4746-B00C-100C3B4C7F25}
		{5C86EFFD-CDAD-4F66-A381-EB2481FF2709} = {2F87A0A3-C1F0-4746-B00C-100C3B4C7F25}
		{1BD512B1-9717-4A35-B821-A964207D1F14} = {5C86EFFD-CDAD-4F66-A381-EB2481FF2709}
		{815D49CA-1415-4540-AA94-E81A8C1A5CD9} = {5C86EFFD-CDAD-4F66-A381-EB2481FF2709}
		{DB65FB71-561D-457E-BE05-07388A0B9E21} = {5C86EFFD-CDAD-4F66-A381-EB2481FF2709}
		{E846B583-5079-481E-8FE6-5E52069B2D02} = {0FFBAA44-CA5B-4448-BCF9-BED05239E129}
		{84172A84-50C0-4959-BC9C-CD95B1C7DB43} = {5C86EFFD-CDAD-4F66-A381-EB2481FF2709}
		{5BD95DA3-EF40-4104-8F77-1DEE7FB56EC3} = {2F87A0A3-C1F0-4746-B00C-100C3B4C7F25}
		{D980A8AA-4F55-4D9C-9DDA-08FE1FE90701} = {5BD95DA3-EF40-4104-8F77-1DEE7FB56EC3}
		{8F6E285F-B6DE-49C2-B96C-C8C2E38EB423} = {4239D19A-5841-4620-B3E1-F1FB7D0A9668}
		{31CDA1A1-0372-4B7B-97EA-79F9E35EC5D5} = {8F6E285F-B6DE-49C2-B96C-C8C2E38EB423}
		{D708AED1-2857-42FD-9C28-47C74C146A34} = {4A428F23-E25F-4C3B-96AC-ACDF4CA17288}
		{42A46DFA-9139-4E4E-BB69-407A3B06B6D3} = {F9747164-6C2F-4C03-A2E7-D0D40E3F04AB}
	EndGlobalSection
	GlobalSection(ExtensibilityGlobals) = postSolution
		SolutionGuid = {CBD9FD47-4536-40C4-A9B6-8E01B2431A73}
	EndGlobalSection
EndGlobal
